
Microsoft Visual Studio Solution File, Format Version 12.00
# Visual Studio 15
VisualStudioVersion = 15.0.28307.705
MinimumVisualStudioVersion = 10.0.40219.1
Project("{FAE04EC0-301F-11D3-BF4B-00C04F79EFBC}") = "WPFApp01", "WPFApp01\WPFApp01.csproj", "{2A4285AB-303E-44D1-914A-09875892DCAC}"
EndProject
Project("{FAE04EC0-301F-11D3-BF4B-00C04F79EFBC}") = "UpperStringApp1", "UpperStringApp1\UpperStringApp1.csproj", "{8D753FA4-8D61-4726-810B-72F5E199BBCE}"
EndProject
Project("{FAE04EC0-301F-11D3-BF4B-00C04F79EFBC}") = "UpperStringApp2", "UpperStringApp2\UpperStringApp2.csproj", "{D5C7984F-A311-465A-A7CF-C80F0005ED7F}"
EndProject
Project("{FAE04EC0-301F-11D3-BF4B-00C04F79EFBC}") = "UpperStringApp3", "UpperStringApp3\UpperStringApp3.csproj", "{82DA6C0E-0995-41DD-9B28-E964851C4CA5}"
EndProject
Project("{FAE04EC0-301F-11D3-BF4B-00C04F79EFBC}") = "UpperStringApp4", "UpperStringApp4\UpperStringApp4.csproj", "{A04819FB-AE30-4857-B4F5-24E994B6F839}"
EndProject
Project("{FAE04EC0-301F-11D3-BF4B-00C04F79EFBC}") = "DivApp1", "DivApp1\DivApp1.csproj", "{88DEFA54-2AD7-41E8-9D0D-184B70011CB9}"
EndProject
Project("{FAE04EC0-301F-11D3-BF4B-00C04F79EFBC}") = "MVVMLib", "MVVMLib\MVVMLib.csproj", "{D73CCA90-8201-4352-AF75-1FBFB73BAC19}"
EndProject
Project("{FAE04EC0-301F-11D3-BF4B-00C04F79EFBC}") = "MenuApp1", "MenuApp1\MenuApp1.csproj", "{C235457F-20C9-4F36-84E1-055D92A8BCB2}"
EndProject
Project("{FAE04EC0-301F-11D3-BF4B-00C04F79EFBC}") = "MenuApp2", "MenuApp2\MenuApp2.csproj", "{4E460338-34E7-4BE2-BB9D-B5A4C76386FA}"
EndProject
Project("{FAE04EC0-301F-11D3-BF4B-00C04F79EFBC}") = "MenuApp3", "MenuApp3\MenuApp3.csproj", "{C162AC2B-924A-4B22-B59D-31251BBFB187}"
EndProject
Project("{FAE04EC0-301F-11D3-BF4B-00C04F79EFBC}") = "MenuApp4", "MenuApp4\MenuApp4.csproj", "{F42F9442-2DE9-44F8-9B57-0E9B57D27FAB}"
EndProject
Project("{FAE04EC0-301F-11D3-BF4B-00C04F79EFBC}") = "MenuApp5", "MenuApp5\MenuApp5.csproj", "{98978F0A-84EF-45F3-96AC-91232694499C}"
EndProject
Project("{FAE04EC0-301F-11D3-BF4B-00C04F79EFBC}") = "ListApp1", "ListApp1\ListApp1.csproj", "{C6538DDC-D41B-424B-895E-66E6BC928989}"
EndProject
Project("{FAE04EC0-301F-11D3-BF4B-00C04F79EFBC}") = "StyleApp1", "StyleApp1\StyleApp1.csproj", "{E8AFA0DF-B1ED-45AA-8C51-628ACFD5609E}"
EndProject
Global
	GlobalSection(SolutionConfigurationPlatforms) = preSolution
		Debug|Any CPU = Debug|Any CPU
		Release|Any CPU = Release|Any CPU
	EndGlobalSection
	GlobalSection(ProjectConfigurationPlatforms) = postSolution
		{2A4285AB-303E-44D1-914A-09875892DCAC}.Debug|Any CPU.ActiveCfg = Debug|Any CPU
		{2A4285AB-303E-44D1-914A-09875892DCAC}.Debug|Any CPU.Build.0 = Debug|Any CPU
		{2A4285AB-303E-44D1-914A-09875892DCAC}.Release|Any CPU.ActiveCfg = Release|Any CPU
		{2A4285AB-303E-44D1-914A-09875892DCAC}.Release|Any CPU.Build.0 = Release|Any CPU
		{8D753FA4-8D61-4726-810B-72F5E199BBCE}.Debug|Any CPU.ActiveCfg = Debug|Any CPU
		{8D753FA4-8D61-4726-810B-72F5E199BBCE}.Debug|Any CPU.Build.0 = Debug|Any CPU
		{8D753FA4-8D61-4726-810B-72F5E199BBCE}.Release|Any CPU.ActiveCfg = Release|Any CPU
		{8D753FA4-8D61-4726-810B-72F5E199BBCE}.Release|Any CPU.Build.0 = Release|Any CPU
		{D5C7984F-A311-465A-A7CF-C80F0005ED7F}.Debug|Any CPU.ActiveCfg = Debug|Any CPU
		{D5C7984F-A311-465A-A7CF-C80F0005ED7F}.Debug|Any CPU.Build.0 = Debug|Any CPU
		{D5C7984F-A311-465A-A7CF-C80F0005ED7F}.Release|Any CPU.ActiveCfg = Release|Any CPU
		{D5C7984F-A311-465A-A7CF-C80F0005ED7F}.Release|Any CPU.Build.0 = Release|Any CPU
		{82DA6C0E-0995-41DD-9B28-E964851C4CA5}.Debug|Any CPU.ActiveCfg = Debug|Any CPU
		{82DA6C0E-0995-41DD-9B28-E964851C4CA5}.Debug|Any CPU.Build.0 = Debug|Any CPU
		{82DA6C0E-0995-41DD-9B28-E964851C4CA5}.Release|Any CPU.ActiveCfg = Release|Any CPU
		{82DA6C0E-0995-41DD-9B28-E964851C4CA5}.Release|Any CPU.Build.0 = Release|Any CPU
		{A04819FB-AE30-4857-B4F5-24E994B6F839}.Debug|Any CPU.ActiveCfg = Debug|Any CPU
		{A04819FB-AE30-4857-B4F5-24E994B6F839}.Debug|Any CPU.Build.0 = Debug|Any CPU
		{A04819FB-AE30-4857-B4F5-24E994B6F839}.Release|Any CPU.ActiveCfg = Release|Any CPU
		{A04819FB-AE30-4857-B4F5-24E994B6F839}.Release|Any CPU.Build.0 = Release|Any CPU
		{88DEFA54-2AD7-41E8-9D0D-184B70011CB9}.Debug|Any CPU.ActiveCfg = Debug|Any CPU
		{88DEFA54-2AD7-41E8-9D0D-184B70011CB9}.Debug|Any CPU.Build.0 = Debug|Any CPU
		{88DEFA54-2AD7-41E8-9D0D-184B70011CB9}.Release|Any CPU.ActiveCfg = Release|Any CPU
		{88DEFA54-2AD7-41E8-9D0D-184B70011CB9}.Release|Any CPU.Build.0 = Release|Any CPU
		{D73CCA90-8201-4352-AF75-1FBFB73BAC19}.Debug|Any CPU.ActiveCfg = Debug|Any CPU
		{D73CCA90-8201-4352-AF75-1FBFB73BAC19}.Debug|Any CPU.Build.0 = Debug|Any CPU
		{D73CCA90-8201-4352-AF75-1FBFB73BAC19}.Release|Any CPU.ActiveCfg = Release|Any CPU
		{D73CCA90-8201-4352-AF75-1FBFB73BAC19}.Release|Any CPU.Build.0 = Release|Any CPU
		{C235457F-20C9-4F36-84E1-055D92A8BCB2}.Debug|Any CPU.ActiveCfg = Debug|Any CPU
		{C235457F-20C9-4F36-84E1-055D92A8BCB2}.Debug|Any CPU.Build.0 = Debug|Any CPU
		{C235457F-20C9-4F36-84E1-055D92A8BCB2}.Release|Any CPU.ActiveCfg = Release|Any CPU
		{C235457F-20C9-4F36-84E1-055D92A8BCB2}.Release|Any CPU.Build.0 = Release|Any CPU
		{4E460338-34E7-4BE2-BB9D-B5A4C76386FA}.Debug|Any CPU.ActiveCfg = Debug|Any CPU
		{4E460338-34E7-4BE2-BB9D-B5A4C76386FA}.Debug|Any CPU.Build.0 = Debug|Any CPU
		{4E460338-34E7-4BE2-BB9D-B5A4C76386FA}.Release|Any CPU.ActiveCfg = Release|Any CPU
		{4E460338-34E7-4BE2-BB9D-B5A4C76386FA}.Release|Any CPU.Build.0 = Release|Any CPU
		{C162AC2B-924A-4B22-B59D-31251BBFB187}.Debug|Any CPU.ActiveCfg = Debug|Any CPU
		{C162AC2B-924A-4B22-B59D-31251BBFB187}.Debug|Any CPU.Build.0 = Debug|Any CPU
		{C162AC2B-924A-4B22-B59D-31251BBFB187}.Release|Any CPU.ActiveCfg = Release|Any CPU
		{C162AC2B-924A-4B22-B59D-31251BBFB187}.Release|Any CPU.Build.0 = Release|Any CPU
		{F42F9442-2DE9-44F8-9B57-0E9B57D27FAB}.Debug|Any CPU.ActiveCfg = Debug|Any CPU
		{F42F9442-2DE9-44F8-9B57-0E9B57D27FAB}.Debug|Any CPU.Build.0 = Debug|Any CPU
		{F42F9442-2DE9-44F8-9B57-0E9B57D27FAB}.Release|Any CPU.ActiveCfg = Release|Any CPU
		{F42F9442-2DE9-44F8-9B57-0E9B57D27FAB}.Release|Any CPU.Build.0 = Release|Any CPU
		{98978F0A-84EF-45F3-96AC-91232694499C}.Debug|Any CPU.ActiveCfg = Debug|Any CPU
		{98978F0A-84EF-45F3-96AC-91232694499C}.Debug|Any CPU.Build.0 = Debug|Any CPU
		{98978F0A-84EF-45F3-96AC-91232694499C}.Release|Any CPU.ActiveCfg = Release|Any CPU
		{98978F0A-84EF-45F3-96AC-91232694499C}.Release|Any CPU.Build.0 = Release|Any CPU
		{C6538DDC-D41B-424B-895E-66E6BC928989}.Debug|Any CPU.ActiveCfg = Debug|Any CPU
		{C6538DDC-D41B-424B-895E-66E6BC928989}.Debug|Any CPU.Build.0 = Debug|Any CPU
		{C6538DDC-D41B-424B-895E-66E6BC928989}.Release|Any CPU.ActiveCfg = Release|Any CPU
		{C6538DDC-D41B-424B-895E-66E6BC928989}.Release|Any CPU.Build.0 = Release|Any CPU
		{E8AFA0DF-B1ED-45AA-8C51-628ACFD5609E}.Debug|Any CPU.ActiveCfg = Debug|Any CPU
		{E8AFA0DF-B1ED-45AA-8C51-628ACFD5609E}.Debug|Any CPU.Build.0 = Debug|Any CPU
		{E8AFA0DF-B1ED-45AA-8C51-628ACFD5609E}.Release|Any CPU.ActiveCfg = Release|Any CPU
		{E8AFA0DF-B1ED-45AA-8C51-628ACFD5609E}.Release|Any CPU.Build.0 = Release|Any CPU
	EndGlobalSection
	GlobalSection(SolutionProperties) = preSolution
		HideSolutionNode = FALSE
	EndGlobalSection
	GlobalSection(ExtensibilityGlobals) = postSolution
		SolutionGuid = {EC2B3216-96B8-42C6-8DC9-18192A112E95}
	EndGlobalSection
EndGlobal
